// !$*UTF8*$!
{
	archiveVersion = 1;
	classes = {
	};
	objectVersion = 46;
	objects = {

/* Begin PBXBuildFile section */
		813E345F1B72E137008EC96F /* main.m in Sources */ = {isa = PBXBuildFile; fileRef = 813E345E1B72E137008EC96F /* main.m */; };
		813E34621B72E137008EC96F /* AppDelegate.m in Sources */ = {isa = PBXBuildFile; fileRef = 813E34611B72E137008EC96F /* AppDelegate.m */; };
		813E34651B72E137008EC96F /* ViewController.m in Sources */ = {isa = PBXBuildFile; fileRef = 813E34641B72E137008EC96F /* ViewController.m */; };
		813E34681B72E137008EC96F /* Main.storyboard in Resources */ = {isa = PBXBuildFile; fileRef = 813E34661B72E137008EC96F /* Main.storyboard */; };
		813E346A1B72E137008EC96F /* Images.xcassets in Resources */ = {isa = PBXBuildFile; fileRef = 813E34691B72E137008EC96F /* Images.xcassets */; };
		813E346D1B72E137008EC96F /* LaunchScreen.xib in Resources */ = {isa = PBXBuildFile; fileRef = 813E346B1B72E137008EC96F /* LaunchScreen.xib */; };
		813E34791B72E138008EC96F /* HelloWatchTests.m in Sources */ = {isa = PBXBuildFile; fileRef = 813E34781B72E138008EC96F /* HelloWatchTests.m */; };
		813E348C1B72E144008EC96F /* InterfaceController.m in Sources */ = {isa = PBXBuildFile; fileRef = 813E348B1B72E144008EC96F /* InterfaceController.m */; };
		813E348E1B72E144008EC96F /* Images.xcassets in Resources */ = {isa = PBXBuildFile; fileRef = 813E348D1B72E144008EC96F /* Images.xcassets */; };
		813E34921B72E144008EC96F /* HelloWatch WatchKit App.app in Resources */ = {isa = PBXBuildFile; fileRef = 813E34911B72E144008EC96F /* HelloWatch WatchKit App.app */; };
		813E349A1B72E144008EC96F /* Interface.storyboard in Resources */ = {isa = PBXBuildFile; fileRef = 813E34981B72E144008EC96F /* Interface.storyboard */; };
		813E349C1B72E144008EC96F /* Images.xcassets in Resources */ = {isa = PBXBuildFile; fileRef = 813E349B1B72E144008EC96F /* Images.xcassets */; };
		813E349F1B72E144008EC96F /* HelloWatch WatchKit Extension.appex in Embed App Extensions */ = {isa = PBXBuildFile; fileRef = 813E34861B72E144008EC96F /* HelloWatch WatchKit Extension.appex */; settings = {ATTRIBUTES = (RemoveHeadersOnCopy, ); }; };
/* End PBXBuildFile section */

/* Begin PBXContainerItemProxy section */
		813E34731B72E137008EC96F /* PBXContainerItemProxy */ = {
			isa = PBXContainerItemProxy;
			containerPortal = 813E34511B72E137008EC96F /* Project object */;
			proxyType = 1;
			remoteGlobalIDString = 813E34581B72E137008EC96F;
			remoteInfo = HelloWatch;
		};
		813E34931B72E144008EC96F /* PBXContainerItemProxy */ = {
			isa = PBXContainerItemProxy;
			containerPortal = 813E34511B72E137008EC96F /* Project object */;
			proxyType = 1;
			remoteGlobalIDString = 813E34901B72E144008EC96F;
			remoteInfo = "HelloWatch WatchKit App";
		};
		813E349D1B72E144008EC96F /* PBXContainerItemProxy */ = {
			isa = PBXContainerItemProxy;
			containerPortal = 813E34511B72E137008EC96F /* Project object */;
			proxyType = 1;
			remoteGlobalIDString = 813E34851B72E144008EC96F;
			remoteInfo = "HelloWatch WatchKit Extension";
		};
/* End PBXContainerItemProxy section */

/* Begin PBXCopyFilesBuildPhase section */
		813E34A61B72E144008EC96F /* Embed App Extensions */ = {
			isa = PBXCopyFilesBuildPhase;
			buildActionMask = 2147483647;
			dstPath = "";
			dstSubfolderSpec = 13;
			files = (
				813E349F1B72E144008EC96F /* HelloWatch WatchKit Extension.appex in Embed App Extensions */,
			);
			name = "Embed App Extensions";
			runOnlyForDeploymentPostprocessing = 0;
		};
/* End PBXCopyFilesBuildPhase section */

/* Begin PBXFileReference section */
		813E34591B72E137008EC96F /* HelloWatch.app */ = {isa = PBXFileReference; explicitFileType = wrapper.application; includeInIndex = 0; path = HelloWatch.app; sourceTree = BUILT_PRODUCTS_DIR; };
		813E345D1B72E137008EC96F /* Info.plist */ = {isa = PBXFileReference; lastKnownFileType = text.plist.xml; path = Info.plist; sourceTree = "<group>"; };
		813E345E1B72E137008EC96F /* main.m */ = {isa = PBXFileReference; lastKnownFileType = sourcecode.c.objc; path = main.m; sourceTree = "<group>"; };
		813E34601B72E137008EC96F /* AppDelegate.h */ = {isa = PBXFileReference; lastKnownFileType = sourcecode.c.h; path = AppDelegate.h; sourceTree = "<group>"; };
		813E34611B72E137008EC96F /* AppDelegate.m */ = {isa = PBXFileReference; lastKnownFileType = sourcecode.c.objc; path = AppDelegate.m; sourceTree = "<group>"; };
		813E34631B72E137008EC96F /* ViewController.h */ = {isa = PBXFileReference; lastKnownFileType = sourcecode.c.h; path = ViewController.h; sourceTree = "<group>"; };
		813E34641B72E137008EC96F /* ViewController.m */ = {isa = PBXFileReference; lastKnownFileType = sourcecode.c.objc; path = ViewController.m; sourceTree = "<group>"; };
		813E34671B72E137008EC96F /* Base */ = {isa = PBXFileReference; lastKnownFileType = file.storyboard; name = Base; path = Base.lproj/Main.storyboard; sourceTree = "<group>"; };
		813E34691B72E137008EC96F /* Images.xcassets */ = {isa = PBXFileReference; lastKnownFileType = folder.assetcatalog; path = Images.xcassets; sourceTree = "<group>"; };
		813E346C1B72E137008EC96F /* Base */ = {isa = PBXFileReference; lastKnownFileType = file.xib; name = Base; path = Base.lproj/LaunchScreen.xib; sourceTree = "<group>"; };
		813E34721B72E137008EC96F /* HelloWatchTests.xctest */ = {isa = PBXFileReference; explicitFileType = wrapper.cfbundle; includeInIndex = 0; path = HelloWatchTests.xctest; sourceTree = BUILT_PRODUCTS_DIR; };
		813E34771B72E137008EC96F /* Info.plist */ = {isa = PBXFileReference; lastKnownFileType = text.plist.xml; path = Info.plist; sourceTree = "<group>"; };
		813E34781B72E138008EC96F /* HelloWatchTests.m */ = {isa = PBXFileReference; lastKnownFileType = sourcecode.c.objc; path = HelloWatchTests.m; sourceTree = "<group>"; };
		813E34861B72E144008EC96F /* HelloWatch WatchKit Extension.appex */ = {isa = PBXFileReference; explicitFileType = "wrapper.app-extension"; includeInIndex = 0; path = "HelloWatch WatchKit Extension.appex"; sourceTree = BUILT_PRODUCTS_DIR; };
		813E34891B72E144008EC96F /* Info.plist */ = {isa = PBXFileReference; lastKnownFileType = text.plist.xml; path = Info.plist; sourceTree = "<group>"; };
		813E348A1B72E144008EC96F /* InterfaceController.h */ = {isa = PBXFileReference; lastKnownFileType = sourcecode.c.h; path = InterfaceController.h; sourceTree = "<group>"; };
		813E348B1B72E144008EC96F /* InterfaceController.m */ = {isa = PBXFileReference; lastKnownFileType = sourcecode.c.objc; path = InterfaceController.m; sourceTree = "<group>"; };
		813E348D1B72E144008EC96F /* Images.xcassets */ = {isa = PBXFileReference; lastKnownFileType = folder.assetcatalog; path = Images.xcassets; sourceTree = "<group>"; };
		813E34911B72E144008EC96F /* HelloWatch WatchKit App.app */ = {isa = PBXFileReference; explicitFileType = wrapper.application; includeInIndex = 0; path = "HelloWatch WatchKit App.app"; sourceTree = BUILT_PRODUCTS_DIR; };
		813E34971B72E144008EC96F /* Info.plist */ = {isa = PBXFileReference; lastKnownFileType = text.plist.xml; path = Info.plist; sourceTree = "<group>"; };
		813E34991B72E144008EC96F /* Base */ = {isa = PBXFileReference; lastKnownFileType = file.storyboard; name = Base; path = Base.lproj/Interface.storyboard; sourceTree = "<group>"; };
		813E349B1B72E144008EC96F /* Images.xcassets */ = {isa = PBXFileReference; lastKnownFileType = folder.assetcatalog; path = Images.xcassets; sourceTree = "<group>"; };
/* End PBXFileReference section */

/* Begin PBXFrameworksBuildPhase section */
		813E34561B72E137008EC96F /* Frameworks */ = {
			isa = PBXFrameworksBuildPhase;
			buildActionMask = 2147483647;
			files = (
			);
			runOnlyForDeploymentPostprocessing = 0;
		};
		813E346F1B72E137008EC96F /* Frameworks */ = {
			isa = PBXFrameworksBuildPhase;
			buildActionMask = 2147483647;
			files = (
			);
			runOnlyForDeploymentPostprocessing = 0;
		};
		813E34831B72E144008EC96F /* Frameworks */ = {
			isa = PBXFrameworksBuildPhase;
			buildActionMask = 2147483647;
			files = (
			);
			runOnlyForDeploymentPostprocessing = 0;
		};
/* End PBXFrameworksBuildPhase section */

/* Begin PBXGroup section */
		813E34501B72E137008EC96F = {
			isa = PBXGroup;
			children = (
				813E345B1B72E137008EC96F /* HelloWatch */,
				813E34751B72E137008EC96F /* HelloWatchTests */,
				813E34871B72E144008EC96F /* HelloWatch WatchKit Extension */,
				813E34951B72E144008EC96F /* HelloWatch WatchKit App */,
				813E345A1B72E137008EC96F /* Products */,
			);
			sourceTree = "<group>";
		};
		813E345A1B72E137008EC96F /* Products */ = {
			isa = PBXGroup;
			children = (
				813E34591B72E137008EC96F /* HelloWatch.app */,
				813E34721B72E137008EC96F /* HelloWatchTests.xctest */,
				813E34861B72E144008EC96F /* HelloWatch WatchKit Extension.appex */,
				813E34911B72E144008EC96F /* HelloWatch WatchKit App.app */,
			);
			name = Products;
			sourceTree = "<group>";
		};
		813E345B1B72E137008EC96F /* HelloWatch */ = {
			isa = PBXGroup;
			children = (
				813E34601B72E137008EC96F /* AppDelegate.h */,
				813E34611B72E137008EC96F /* AppDelegate.m */,
				813E34631B72E137008EC96F /* ViewController.h */,
				813E34641B72E137008EC96F /* ViewController.m */,
				813E34661B72E137008EC96F /* Main.storyboard */,
				813E34691B72E137008EC96F /* Images.xcassets */,
				813E346B1B72E137008EC96F /* LaunchScreen.xib */,
				813E345C1B72E137008EC96F /* Supporting Files */,
			);
			path = HelloWatch;
			sourceTree = "<group>";
		};
		813E345C1B72E137008EC96F /* Supporting Files */ = {
			isa = PBXGroup;
			children = (
				813E345D1B72E137008EC96F /* Info.plist */,
				813E345E1B72E137008EC96F /* main.m */,
			);
			name = "Supporting Files";
			sourceTree = "<group>";
		};
		813E34751B72E137008EC96F /* HelloWatchTests */ = {
			isa = PBXGroup;
			children = (
				813E34781B72E138008EC96F /* HelloWatchTests.m */,
				813E34761B72E137008EC96F /* Supporting Files */,
			);
			path = HelloWatchTests;
			sourceTree = "<group>";
		};
		813E34761B72E137008EC96F /* Supporting Files */ = {
			isa = PBXGroup;
			children = (
				813E34771B72E137008EC96F /* Info.plist */,
			);
			name = "Supporting Files";
			sourceTree = "<group>";
		};
		813E34871B72E144008EC96F /* HelloWatch WatchKit Extension */ = {
			isa = PBXGroup;
			children = (
				813E348A1B72E144008EC96F /* InterfaceController.h */,
				813E348B1B72E144008EC96F /* InterfaceController.m */,
				813E348D1B72E144008EC96F /* Images.xcassets */,
				813E34881B72E144008EC96F /* Supporting Files */,
			);
			path = "HelloWatch WatchKit Extension";
			sourceTree = "<group>";
		};
		813E34881B72E144008EC96F /* Supporting Files */ = {
			isa = PBXGroup;
			children = (
				813E34891B72E144008EC96F /* Info.plist */,
			);
			name = "Supporting Files";
			sourceTree = "<group>";
		};
		813E34951B72E144008EC96F /* HelloWatch WatchKit App */ = {
			isa = PBXGroup;
			children = (
				813E34981B72E144008EC96F /* Interface.storyboard */,
				813E349B1B72E144008EC96F /* Images.xcassets */,
				813E34961B72E144008EC96F /* Supporting Files */,
			);
			path = "HelloWatch WatchKit App";
			sourceTree = "<group>";
		};
		813E34961B72E144008EC96F /* Supporting Files */ = {
			isa = PBXGroup;
			children = (
				813E34971B72E144008EC96F /* Info.plist */,
			);
			name = "Supporting Files";
			sourceTree = "<group>";
		};
/* End PBXGroup section */

/* Begin PBXNativeTarget section */
		813E34581B72E137008EC96F /* HelloWatch */ = {
			isa = PBXNativeTarget;
			buildConfigurationList = 813E347C1B72E138008EC96F /* Build configuration list for PBXNativeTarget "HelloWatch" */;
			buildPhases = (
				813E34551B72E137008EC96F /* Sources */,
				813E34561B72E137008EC96F /* Frameworks */,
				813E34571B72E137008EC96F /* Resources */,
				813E34A61B72E144008EC96F /* Embed App Extensions */,
			);
			buildRules = (
			);
			dependencies = (
				813E349E1B72E144008EC96F /* PBXTargetDependency */,
			);
			name = HelloWatch;
			productName = HelloWatch;
			productReference = 813E34591B72E137008EC96F /* HelloWatch.app */;
			productType = "com.apple.product-type.application";
		};
		813E34711B72E137008EC96F /* HelloWatchTests */ = {
			isa = PBXNativeTarget;
			buildConfigurationList = 813E347F1B72E138008EC96F /* Build configuration list for PBXNativeTarget "HelloWatchTests" */;
			buildPhases = (
				813E346E1B72E137008EC96F /* Sources */,
				813E346F1B72E137008EC96F /* Frameworks */,
				813E34701B72E137008EC96F /* Resources */,
			);
			buildRules = (
			);
			dependencies = (
				813E34741B72E137008EC96F /* PBXTargetDependency */,
			);
			name = HelloWatchTests;
			productName = HelloWatchTests;
			productReference = 813E34721B72E137008EC96F /* HelloWatchTests.xctest */;
			productType = "com.apple.product-type.bundle.unit-test";
		};
		813E34851B72E144008EC96F /* HelloWatch WatchKit Extension */ = {
			isa = PBXNativeTarget;
			buildConfigurationList = 813E34A31B72E144008EC96F /* Build configuration list for PBXNativeTarget "HelloWatch WatchKit Extension" */;
			buildPhases = (
				813E34821B72E144008EC96F /* Sources */,
				813E34831B72E144008EC96F /* Frameworks */,
				813E34841B72E144008EC96F /* Resources */,
			);
			buildRules = (
			);
			dependencies = (
				813E34941B72E144008EC96F /* PBXTargetDependency */,
			);
			name = "HelloWatch WatchKit Extension";
			productName = "HelloWatch WatchKit Extension";
			productReference = 813E34861B72E144008EC96F /* HelloWatch WatchKit Extension.appex */;
			productType = "com.apple.product-type.watchkit-extension";
		};
		813E34901B72E144008EC96F /* HelloWatch WatchKit App */ = {
			isa = PBXNativeTarget;
			buildConfigurationList = 813E34A01B72E144008EC96F /* Build configuration list for PBXNativeTarget "HelloWatch WatchKit App" */;
			buildPhases = (
				813E348F1B72E144008EC96F /* Resources */,
			);
			buildRules = (
			);
			dependencies = (
			);
			name = "HelloWatch WatchKit App";
			productName = "HelloWatch WatchKit App";
			productReference = 813E34911B72E144008EC96F /* HelloWatch WatchKit App.app */;
			productType = "com.apple.product-type.application.watchapp";
		};
/* End PBXNativeTarget section */

/* Begin PBXProject section */
		813E34511B72E137008EC96F /* Project object */ = {
			isa = PBXProject;
			attributes = {
				LastUpgradeCheck = 0640;
				ORGANIZATIONNAME = "Marcos Vinicius Albuquerque";
				TargetAttributes = {
					813E34581B72E137008EC96F = {
						CreatedOnToolsVersion = 6.4;
					};
					813E34711B72E137008EC96F = {
						CreatedOnToolsVersion = 6.4;
						TestTargetID = 813E34581B72E137008EC96F;
					};
					813E34851B72E144008EC96F = {
						CreatedOnToolsVersion = 6.4;
					};
					813E34901B72E144008EC96F = {
						CreatedOnToolsVersion = 6.4;
					};
				};
			};
			buildConfigurationList = 813E34541B72E137008EC96F /* Build configuration list for PBXProject "HelloWatch" */;
			compatibilityVersion = "Xcode 3.2";
			developmentRegion = English;
			hasScannedForEncodings = 0;
			knownRegions = (
				en,
				Base,
			);
			mainGroup = 813E34501B72E137008EC96F;
			productRefGroup = 813E345A1B72E137008EC96F /* Products */;
			projectDirPath = "";
			projectRoot = "";
			targets = (
				813E34581B72E137008EC96F /* HelloWatch */,
				813E34711B72E137008EC96F /* HelloWatchTests */,
				813E34851B72E144008EC96F /* HelloWatch WatchKit Extension */,
				813E34901B72E144008EC96F /* HelloWatch WatchKit App */,
			);
		};
/* End PBXProject section */

/* Begin PBXResourcesBuildPhase section */
		813E34571B72E137008EC96F /* Resources */ = {
			isa = PBXResourcesBuildPhase;
			buildActionMask = 2147483647;
			files = (
				813E34681B72E137008EC96F /* Main.storyboard in Resources */,
				813E346D1B72E137008EC96F /* LaunchScreen.xib in Resources */,
				813E346A1B72E137008EC96F /* Images.xcassets in Resources */,
			);
			runOnlyForDeploymentPostprocessing = 0;
		};
		813E34701B72E137008EC96F /* Resources */ = {
			isa = PBXResourcesBuildPhase;
			buildActionMask = 2147483647;
			files = (
			);
			runOnlyForDeploymentPostprocessing = 0;
		};
		813E34841B72E144008EC96F /* Resources */ = {
			isa = PBXResourcesBuildPhase;
			buildActionMask = 2147483647;
			files = (
				813E348E1B72E144008EC96F /* Images.xcassets in Resources */,
				813E34921B72E144008EC96F /* HelloWatch WatchKit App.app in Resources */,
			);
			runOnlyForDeploymentPostprocessing = 0;
		};
		813E348F1B72E144008EC96F /* Resources */ = {
			isa = PBXResourcesBuildPhase;
			buildActionMask = 2147483647;
			files = (
				813E349A1B72E144008EC96F /* Interface.storyboard in Resources */,
				813E349C1B72E144008EC96F /* Images.xcassets in Resources */,
			);
			runOnlyForDeploymentPostprocessing = 0;
		};
/* End PBXResourcesBuildPhase section */

/* Begin PBXSourcesBuildPhase section */
		813E34551B72E137008EC96F /* Sources */ = {
			isa = PBXSourcesBuildPhase;
			buildActionMask = 2147483647;
			files = (
				813E34651B72E137008EC96F /* ViewController.m in Sources */,
				813E34621B72E137008EC96F /* AppDelegate.m in Sources */,
				813E345F1B72E137008EC96F /* main.m in Sources */,
			);
			runOnlyForDeploymentPostprocessing = 0;
		};
		813E346E1B72E137008EC96F /* Sources */ = {
			isa = PBXSourcesBuildPhase;
			buildActionMask = 2147483647;
			files = (
				813E34791B72E138008EC96F /* HelloWatchTests.m in Sources */,
			);
			runOnlyForDeploymentPostprocessing = 0;
		};
		813E34821B72E144008EC96F /* Sources */ = {
			isa = PBXSourcesBuildPhase;
			buildActionMask = 2147483647;
			files = (
				813E348C1B72E144008EC96F /* InterfaceController.m in Sources */,
			);
			runOnlyForDeploymentPostprocessing = 0;
		};
/* End PBXSourcesBuildPhase section */

/* Begin PBXTargetDependency section */
		813E34741B72E137008EC96F /* PBXTargetDependency */ = {
			isa = PBXTargetDependency;
			target = 813E34581B72E137008EC96F /* HelloWatch */;
			targetProxy = 813E34731B72E137008EC96F /* PBXContainerItemProxy */;
		};
		813E34941B72E144008EC96F /* PBXTargetDependency */ = {
			isa = PBXTargetDependency;
			target = 813E34901B72E144008EC96F /* HelloWatch WatchKit App */;
			targetProxy = 813E34931B72E144008EC96F /* PBXContainerItemProxy */;
		};
		813E349E1B72E144008EC96F /* PBXTargetDependency */ = {
			isa = PBXTargetDependency;
			target = 813E34851B72E144008EC96F /* HelloWatch WatchKit Extension */;
			targetProxy = 813E349D1B72E144008EC96F /* PBXContainerItemProxy */;
		};
/* End PBXTargetDependency section */

/* Begin PBXVariantGroup section */
		813E34661B72E137008EC96F /* Main.storyboard */ = {
			isa = PBXVariantGroup;
			children = (
				813E34671B72E137008EC96F /* Base */,
			);
			name = Main.storyboard;
			sourceTree = "<group>";
		};
		813E346B1B72E137008EC96F /* LaunchScreen.xib */ = {
			isa = PBXVariantGroup;
			children = (
				813E346C1B72E137008EC96F /* Base */,
			);
			name = LaunchScreen.xib;
			sourceTree = "<group>";
		};
		813E34981B72E144008EC96F /* Interface.storyboard */ = {
			isa = PBXVariantGroup;
			children = (
				813E34991B72E144008EC96F /* Base */,
			);
			name = Interface.storyboard;
			sourceTree = "<group>";
		};
/* End PBXVariantGroup section */

/* Begin XCBuildConfiguration section */
		813E347A1B72E138008EC96F /* Debug */ = {
			isa = XCBuildConfiguration;
			buildSettings = {
				ALWAYS_SEARCH_USER_PATHS = NO;
				CLANG_CXX_LANGUAGE_STANDARD = "gnu++0x";
				CLANG_CXX_LIBRARY = "libc++";
				CLANG_ENABLE_MODULES = YES;
				CLANG_ENABLE_OBJC_ARC = YES;
				CLANG_WARN_BOOL_CONVERSION = YES;
				CLANG_WARN_CONSTANT_CONVERSION = YES;
				CLANG_WARN_DIRECT_OBJC_ISA_USAGE = YES_ERROR;
				CLANG_WARN_EMPTY_BODY = YES;
				CLANG_WARN_ENUM_CONVERSION = YES;
				CLANG_WARN_INT_CONVERSION = YES;
				CLANG_WARN_OBJC_ROOT_CLASS = YES_ERROR;
				CLANG_WARN_UNREACHABLE_CODE = YES;
				CLANG_WARN__DUPLICATE_METHOD_MATCH = YES;
				"CODE_SIGN_IDENTITY[sdk=iphoneos*]" = "iPhone Developer";
				COPY_PHASE_STRIP = NO;
				DEBUG_INFORMATION_FORMAT = "dwarf-with-dsym";
				ENABLE_STRICT_OBJC_MSGSEND = YES;
				GCC_C_LANGUAGE_STANDARD = gnu99;
				GCC_DYNAMIC_NO_PIC = NO;
				GCC_NO_COMMON_BLOCKS = YES;
				GCC_OPTIMIZATION_LEVEL = 0;
				GCC_PREPROCESSOR_DEFINITIONS = (
					"DEBUG=1",
					"$(inherited)",
				);
				GCC_SYMBOLS_PRIVATE_EXTERN = NO;
				GCC_WARN_64_TO_32_BIT_CONVERSION = YES;
				GCC_WARN_ABOUT_RETURN_TYPE = YES_ERROR;
				GCC_WARN_UNDECLARED_SELECTOR = YES;
				GCC_WARN_UNINITIALIZED_AUTOS = YES_AGGRESSIVE;
				GCC_WARN_UNUSED_FUNCTION = YES;
				GCC_WARN_UNUSED_VARIABLE = YES;
				IPHONEOS_DEPLOYMENT_TARGET = 8.4;
				MTL_ENABLE_DEBUG_INFO = YES;
				ONLY_ACTIVE_ARCH = YES;
				SDKROOT = iphoneos;
			};
			name = Debug;
		};
		813E347B1B72E138008EC96F /* Release */ = {
			isa = XCBuildConfiguration;
			buildSettings = {
				ALWAYS_SEARCH_USER_PATHS = NO;
				CLANG_CXX_LANGUAGE_STANDARD = "gnu++0x";
				CLANG_CXX_LIBRARY = "libc++";
				CLANG_ENABLE_MODULES = YES;
				CLANG_ENABLE_OBJC_ARC = YES;
				CLANG_WARN_BOOL_CONVERSION = YES;
				CLANG_WARN_CONSTANT_CONVERSION = YES;
				CLANG_WARN_DIRECT_OBJC_ISA_USAGE = YES_ERROR;
				CLANG_WARN_EMPTY_BODY = YES;
				CLANG_WARN_ENUM_CONVERSION = YES;
				CLANG_WARN_INT_CONVERSION = YES;
				CLANG_WARN_OBJC_ROOT_CLASS = YES_ERROR;
				CLANG_WARN_UNREACHABLE_CODE = YES;
				CLANG_WARN__DUPLICATE_METHOD_MATCH = YES;
				"CODE_SIGN_IDENTITY[sdk=iphoneos*]" = "iPhone Developer";
				COPY_PHASE_STRIP = NO;
				DEBUG_INFORMATION_FORMAT = "dwarf-with-dsym";
				ENABLE_NS_ASSERTIONS = NO;
				ENABLE_STRICT_OBJC_MSGSEND = YES;
				GCC_C_LANGUAGE_STANDARD = gnu99;
				GCC_NO_COMMON_BLOCKS = YES;
				GCC_WARN_64_TO_32_BIT_CONVERSION = YES;
				GCC_WARN_ABOUT_RETURN_TYPE = YES_ERROR;
				GCC_WARN_UNDECLARED_SELECTOR = YES;
				GCC_WARN_UNINITIALIZED_AUTOS = YES_AGGRESSIVE;
				GCC_WARN_UNUSED_FUNCTION = YES;
				GCC_WARN_UNUSED_VARIABLE = YES;
				IPHONEOS_DEPLOYMENT_TARGET = 8.4;
				MTL_ENABLE_DEBUG_INFO = NO;
				SDKROOT = iphoneos;
				VALIDATE_PRODUCT = YES;
			};
			name = Release;
		};
		813E347D1B72E138008EC96F /* Debug */ = {
			isa = XCBuildConfiguration;
			buildSettings = {
				ASSETCATALOG_COMPILER_APPICON_NAME = AppIcon;
				INFOPLIST_FILE = HelloWatch/Info.plist;
				LD_RUNPATH_SEARCH_PATHS = "$(inherited) @executable_path/Frameworks";
				PRODUCT_NAME = "$(TARGET_NAME)";
			};
			name = Debug;
		};
		813E347E1B72E138008EC96F /* Release */ = {
			isa = XCBuildConfiguration;
			buildSettings = {
				ASSETCATALOG_COMPILER_APPICON_NAME = AppIcon;
				INFOPLIST_FILE = HelloWatch/Info.plist;
				LD_RUNPATH_SEARCH_PATHS = "$(inherited) @executable_path/Frameworks";
				PRODUCT_NAME = "$(TARGET_NAME)";
			};
			name = Release;
		};
		813E34801B72E138008EC96F /* Debug */ = {
			isa = XCBuildConfiguration;
			buildSettings = {
				BUNDLE_LOADER = "$(TEST_HOST)";
				FRAMEWORK_SEARCH_PATHS = (
					"$(SDKROOT)/Developer/Library/Frameworks",
					"$(inherited)",
				);
				GCC_PREPROCESSOR_DEFINITIONS = (
					"DEBUG=1",
					"$(inherited)",
				);
				INFOPLIST_FILE = HelloWatchTests/Info.plist;
				LD_RUNPATH_SEARCH_PATHS = "$(inherited) @executable_path/Frameworks @loader_path/Frameworks";
				PRODUCT_NAME = "$(TARGET_NAME)";
				TEST_HOST = "$(BUILT_PRODUCTS_DIR)/HelloWatch.app/HelloWatch";
			};
			name = Debug;
		};
		813E34811B72E138008EC96F /* Release */ = {
			isa = XCBuildConfiguration;
			buildSettings = {
				BUNDLE_LOADER = "$(TEST_HOST)";
				FRAMEWORK_SEARCH_PATHS = (
					"$(SDKROOT)/Developer/Library/Frameworks",
					"$(inherited)",
				);
				INFOPLIST_FILE = HelloWatchTests/Info.plist;
				LD_RUNPATH_SEARCH_PATHS = "$(inherited) @executable_path/Frameworks @loader_path/Frameworks";
				PRODUCT_NAME = "$(TARGET_NAME)";
				TEST_HOST = "$(BUILT_PRODUCTS_DIR)/HelloWatch.app/HelloWatch";
			};
			name = Release;
		};
		813E34A11B72E144008EC96F /* Debug */ = {
			isa = XCBuildConfiguration;
			buildSettings = {
				ASSETCATALOG_COMPILER_APPICON_NAME = AppIcon;
				GCC_PREPROCESSOR_DEFINITIONS = (
					"DEBUG=1",
					"$(inherited)",
				);
				IBSC_MODULE = HelloWatch_WatchKit_Extension;
				INFOPLIST_FILE = "HelloWatch WatchKit App/Info.plist";
				IPHONEOS_DEPLOYMENT_TARGET = 8.2;
				PRODUCT_NAME = "$(TARGET_NAME)";
				SKIP_INSTALL = YES;
				TARGETED_DEVICE_FAMILY = 4;
				"TARGETED_DEVICE_FAMILY[sdk=iphonesimulator*]" = "1,4";
			};
			name = Debug;
		};
		813E34A21B72E144008EC96F /* Release */ = {
			isa = XCBuildConfiguration;
			buildSettings = {
				ASSETCATALOG_COMPILER_APPICON_NAME = AppIcon;
				IBSC_MODULE = HelloWatch_WatchKit_Extension;
				INFOPLIST_FILE = "HelloWatch WatchKit App/Info.plist";
				IPHONEOS_DEPLOYMENT_TARGET = 8.2;
				PRODUCT_NAME = "$(TARGET_NAME)";
				SKIP_INSTALL = YES;
				TARGETED_DEVICE_FAMILY = 4;
				"TARGETED_DEVICE_FAMILY[sdk=iphonesimulator*]" = "1,4";
			};
			name = Release;
		};
		813E34A41B72E144008EC96F /* Debug */ = {
			isa = XCBuildConfiguration;
			buildSettings = {
				GCC_PREPROCESSOR_DEFINITIONS = (
					"DEBUG=1",
					"$(inherited)",
				);
				INFOPLIST_FILE = "HelloWatch WatchKit Extension/Info.plist";
				LD_RUNPATH_SEARCH_PATHS = "$(inherited) @executable_path/Frameworks @executable_path/../../Frameworks";
				PRODUCT_NAME = "${TARGET_NAME}";
				SKIP_INSTALL = YES;
			};
			name = Debug;
		};
		813E34A51B72E144008EC96F /* Release */ = {
			isa = XCBuildConfiguration;
			buildSettings = {
				INFOPLIST_FILE = "HelloWatch WatchKit Extension/Info.plist";
				LD_RUNPATH_SEARCH_PATHS = "$(inherited) @executable_path/Frameworks @executable_path/../../Frameworks";
				PRODUCT_NAME = "${TARGET_NAME}";
				SKIP_INSTALL = YES;
			};
			name = Release;
		};
/* End XCBuildConfiguration section */

/* Begin XCConfigurationList section */
		813E34541B72E137008EC96F /* Build configuration list for PBXProject "HelloWatch" */ = {
			isa = XCConfigurationList;
			buildConfigurations = (
				813E347A1B72E138008EC96F /* Debug */,
				813E347B1B72E138008EC96F /* Release */,
			);
			defaultConfigurationIsVisible = 0;
			defaultConfigurationName = Release;
		};
		813E347C1B72E138008EC96F /* Build configuration list for PBXNativeTarget "HelloWatch" */ = {
			isa = XCConfigurationList;
			buildConfigurations = (
				813E347D1B72E138008EC96F /* Debug */,
				813E347E1B72E138008EC96F /* Release */,
			);
			defaultConfigurationIsVisible = 0;
		};
		813E347F1B72E138008EC96F /* Build configuration list for PBXNativeTarget "HelloWatchTests" */ = {
			isa = XCConfigurationList;
			buildConfigurations = (
				813E34801B72E138008EC96F /* Debug */,
				813E34811B72E138008EC96F /* Release */,
			);
			defaultConfigurationIsVisible = 0;
		};
		813E34A01B72E144008EC96F /* Build configuration list for PBXNativeTarget "HelloWatch WatchKit App" */ = {
			isa = XCConfigurationList;
			buildConfigurations = (
				813E34A11B72E144008EC96F /* Debug */,
				813E34A21B72E144008EC96F /* Release */,
			);
			defaultConfigurationIsVisible = 0;
		};
		813E34A31B72E144008EC96F /* Build configuration list for PBXNativeTarget "HelloWatch WatchKit Extension" */ = {
			isa = XCConfigurationList;
			buildConfigurations = (
				813E34A41B72E144008EC96F /* Debug */,
				813E34A51B72E144008EC96F /* Release */,
			);
			defaultConfigurationIsVisible = 0;
		};
/* End XCConfigurationList section */
	};
	rootObject = 813E34511B72E137008EC96F /* Project object */;
}
